uuid: 29f11933-5721-4056-938d-d9e58efd4249
langcode: en
status: true
dependencies:
  config:
    - contact.form.work_with_us
  module:
    - contact_block
    - system
  theme:
    - company
id: contactblock
theme: company
region: content
weight: 0
provider: null
plugin: contact_block
settings:
  id: contact_block
  label: 'Convinced  to work with us?'
  provider: contact_block
  label_display: visible
  contact_form: work_with_us
visibility:
  request_path:
    id: request_path
    pages: '<front>'
    negate: false
    context_mapping: {  }
